// !$*UTF8*$!
{
	archiveVersion = 1;
	classes = {
	};
	objectVersion = 55;
	objects = {

/* Begin PBXBuildFile section */
		50B7934E27C96B9500C38F42 /* AppDelegate.swift in Sources */ = {isa = PBXBuildFile; fileRef = 50B7934D27C96B9500C38F42 /* AppDelegate.swift */; };
		50B7935027C96B9500C38F42 /* SceneDelegate.swift in Sources */ = {isa = PBXBuildFile; fileRef = 50B7934F27C96B9500C38F42 /* SceneDelegate.swift */; };
		50B7935227C96B9500C38F42 /* ProductsListViewController.swift in Sources */ = {isa = PBXBuildFile; fileRef = 50B7935127C96B9500C38F42 /* ProductsListViewController.swift */; };
		50B7935727C96B9700C38F42 /* Assets.xcassets in Resources */ = {isa = PBXBuildFile; fileRef = 50B7935627C96B9700C38F42 /* Assets.xcassets */; };
		50B7935A27C96B9700C38F42 /* LaunchScreen.storyboard in Resources */ = {isa = PBXBuildFile; fileRef = 50B7935827C96B9700C38F42 /* LaunchScreen.storyboard */; };
		50B7938627C96FA000C38F42 /* DGErrors.swift in Sources */ = {isa = PBXBuildFile; fileRef = 50B7938327C96FA000C38F42 /* DGErrors.swift */; };
		50B7938727C96FA000C38F42 /* ApiURL.swift in Sources */ = {isa = PBXBuildFile; fileRef = 50B7938427C96FA000C38F42 /* ApiURL.swift */; };
		50B7938827C96FA000C38F42 /* NetworkManager.swift in Sources */ = {isa = PBXBuildFile; fileRef = 50B7938527C96FA000C38F42 /* NetworkManager.swift */; };
		50B7938A27C9722700C38F42 /* ProductsService.swift in Sources */ = {isa = PBXBuildFile; fileRef = 50B7938927C9722700C38F42 /* ProductsService.swift */; };
		50B7938C27C972D500C38F42 /* Products.swift in Sources */ = {isa = PBXBuildFile; fileRef = 50B7938B27C972D500C38F42 /* Products.swift */; };
		50B7938E27CB9CD300C38F42 /* PeoductsListViewModel.swift in Sources */ = {isa = PBXBuildFile; fileRef = 50B7938D27CB9CD300C38F42 /* PeoductsListViewModel.swift */; };
		50FDBA9927CBACDA00DFD554 /* CashSectionComponent.swift in Sources */ = {isa = PBXBuildFile; fileRef = 50FDBA9827CBACDA00DFD554 /* CashSectionComponent.swift */; };
/* End PBXBuildFile section */

/* Begin PBXFileReference section */
		50B7934A27C96B9500C38F42 /* DesafioDigio.app */ = {isa = PBXFileReference; explicitFileType = wrapper.application; includeInIndex = 0; path = DesafioDigio.app; sourceTree = BUILT_PRODUCTS_DIR; };
		50B7934D27C96B9500C38F42 /* AppDelegate.swift */ = {isa = PBXFileReference; lastKnownFileType = sourcecode.swift; path = AppDelegate.swift; sourceTree = "<group>"; };
		50B7934F27C96B9500C38F42 /* SceneDelegate.swift */ = {isa = PBXFileReference; lastKnownFileType = sourcecode.swift; path = SceneDelegate.swift; sourceTree = "<group>"; };
		50B7935127C96B9500C38F42 /* ProductsListViewController.swift */ = {isa = PBXFileReference; lastKnownFileType = sourcecode.swift; path = ProductsListViewController.swift; sourceTree = "<group>"; };
		50B7935627C96B9700C38F42 /* Assets.xcassets */ = {isa = PBXFileReference; lastKnownFileType = folder.assetcatalog; path = Assets.xcassets; sourceTree = "<group>"; };
		50B7935927C96B9700C38F42 /* Base */ = {isa = PBXFileReference; lastKnownFileType = file.storyboard; name = Base; path = Base.lproj/LaunchScreen.storyboard; sourceTree = "<group>"; };
		50B7935B27C96B9700C38F42 /* Info.plist */ = {isa = PBXFileReference; lastKnownFileType = text.plist.xml; path = Info.plist; sourceTree = "<group>"; };
		50B7938327C96FA000C38F42 /* DGErrors.swift */ = {isa = PBXFileReference; fileEncoding = 4; lastKnownFileType = sourcecode.swift; path = DGErrors.swift; sourceTree = "<group>"; };
		50B7938427C96FA000C38F42 /* ApiURL.swift */ = {isa = PBXFileReference; fileEncoding = 4; lastKnownFileType = sourcecode.swift; path = ApiURL.swift; sourceTree = "<group>"; };
		50B7938527C96FA000C38F42 /* NetworkManager.swift */ = {isa = PBXFileReference; fileEncoding = 4; lastKnownFileType = sourcecode.swift; path = NetworkManager.swift; sourceTree = "<group>"; };
		50B7938927C9722700C38F42 /* ProductsService.swift */ = {isa = PBXFileReference; lastKnownFileType = sourcecode.swift; path = ProductsService.swift; sourceTree = "<group>"; };
		50B7938B27C972D500C38F42 /* Products.swift */ = {isa = PBXFileReference; lastKnownFileType = sourcecode.swift; path = Products.swift; sourceTree = "<group>"; };
		50B7938D27CB9CD300C38F42 /* PeoductsListViewModel.swift */ = {isa = PBXFileReference; lastKnownFileType = sourcecode.swift; path = PeoductsListViewModel.swift; sourceTree = "<group>"; };
		50FDBA9827CBACDA00DFD554 /* CashSectionComponent.swift */ = {isa = PBXFileReference; lastKnownFileType = sourcecode.swift; path = CashSectionComponent.swift; sourceTree = "<group>"; };
/* End PBXFileReference section */

/* Begin PBXFrameworksBuildPhase section */
		50B7934727C96B9500C38F42 /* Frameworks */ = {
			isa = PBXFrameworksBuildPhase;
			buildActionMask = 2147483647;
			files = (
			);
			runOnlyForDeploymentPostprocessing = 0;
		};
/* End PBXFrameworksBuildPhase section */

/* Begin PBXGroup section */
		50B7934127C96B9500C38F42 = {
			isa = PBXGroup;
			children = (
				50B7934C27C96B9500C38F42 /* DesafioDigio */,
				50B7934B27C96B9500C38F42 /* Products */,
			);
			sourceTree = "<group>";
		};
		50B7934B27C96B9500C38F42 /* Products */ = {
			isa = PBXGroup;
			children = (
				50B7934A27C96B9500C38F42 /* DesafioDigio.app */,
			);
			name = Products;
			sourceTree = "<group>";
		};
		50B7934C27C96B9500C38F42 /* DesafioDigio */ = {
			isa = PBXGroup;
			children = (
				50B7934D27C96B9500C38F42 /* AppDelegate.swift */,
				50B7934F27C96B9500C38F42 /* SceneDelegate.swift */,
				50B7937D27C96E6600C38F42 /* ProductsList */,
				50B7935627C96B9700C38F42 /* Assets.xcassets */,
				50B7935827C96B9700C38F42 /* LaunchScreen.storyboard */,
				50B7935B27C96B9700C38F42 /* Info.plist */,
			);
			path = DesafioDigio;
			sourceTree = "<group>";
		};
		50B7937D27C96E6600C38F42 /* ProductsList */ = {
			isa = PBXGroup;
			children = (
				50B7938227C96F1600C38F42 /* Networking */,
				50B7938127C96E8000C38F42 /* Services */,
				50B7938027C96E7A00C38F42 /* Models */,
				50B7937F27C96E7600C38F42 /* Views */,
				50B7937E27C96E7200C38F42 /* ViewModels */,
			);
			path = ProductsList;
			sourceTree = "<group>";
		};
		50B7937E27C96E7200C38F42 /* ViewModels */ = {
			isa = PBXGroup;
			children = (
				50B7938D27CB9CD300C38F42 /* PeoductsListViewModel.swift */,
				50FDBA9827CBACDA00DFD554 /* CashSectionComponent.swift */,
			);
			path = ViewModels;
			sourceTree = "<group>";
		};
		50B7937F27C96E7600C38F42 /* Views */ = {
			isa = PBXGroup;
			children = (
				50B7935127C96B9500C38F42 /* ProductsListViewController.swift */,
			);
			path = Views;
			sourceTree = "<group>";
		};
		50B7938027C96E7A00C38F42 /* Models */ = {
			isa = PBXGroup;
			children = (
				50B7938B27C972D500C38F42 /* Products.swift */,
			);
			path = Models;
			sourceTree = "<group>";
		};
		50B7938127C96E8000C38F42 /* Services */ = {
			isa = PBXGroup;
			children = (
				50B7938927C9722700C38F42 /* ProductsService.swift */,
			);
			path = Services;
			sourceTree = "<group>";
		};
		50B7938227C96F1600C38F42 /* Networking */ = {
			isa = PBXGroup;
			children = (
				50B7938427C96FA000C38F42 /* ApiURL.swift */,
				50B7938527C96FA000C38F42 /* NetworkManager.swift */,
				50B7938327C96FA000C38F42 /* DGErrors.swift */,
			);
			path = Networking;
			sourceTree = "<group>";
		};
/* End PBXGroup section */

/* Begin PBXNativeTarget section */
		50B7934927C96B9500C38F42 /* DesafioDigio */ = {
			isa = PBXNativeTarget;
			buildConfigurationList = 50B7937427C96B9700C38F42 /* Build configuration list for PBXNativeTarget "DesafioDigio" */;
			buildPhases = (
				50B7934627C96B9500C38F42 /* Sources */,
				50B7934727C96B9500C38F42 /* Frameworks */,
				50B7934827C96B9500C38F42 /* Resources */,
			);
			buildRules = (
			);
			dependencies = (
			);
			name = DesafioDigio;
			productName = DesafioDigio;
			productReference = 50B7934A27C96B9500C38F42 /* DesafioDigio.app */;
			productType = "com.apple.product-type.application";
		};
/* End PBXNativeTarget section */

/* Begin PBXProject section */
		50B7934227C96B9500C38F42 /* Project object */ = {
			isa = PBXProject;
			attributes = {
				BuildIndependentTargetsInParallel = 1;
				LastSwiftUpdateCheck = 1320;
				LastUpgradeCheck = 1320;
				TargetAttributes = {
					50B7934927C96B9500C38F42 = {
						CreatedOnToolsVersion = 13.2.1;
					};
				};
			};
			buildConfigurationList = 50B7934527C96B9500C38F42 /* Build configuration list for PBXProject "DesafioDigio" */;
			compatibilityVersion = "Xcode 13.0";
			developmentRegion = en;
			hasScannedForEncodings = 0;
			knownRegions = (
				en,
				Base,
			);
			mainGroup = 50B7934127C96B9500C38F42;
			productRefGroup = 50B7934B27C96B9500C38F42 /* Products */;
			projectDirPath = "";
			projectRoot = "";
			targets = (
				50B7934927C96B9500C38F42 /* DesafioDigio */,
			);
		};
/* End PBXProject section */

/* Begin PBXResourcesBuildPhase section */
		50B7934827C96B9500C38F42 /* Resources */ = {
			isa = PBXResourcesBuildPhase;
			buildActionMask = 2147483647;
			files = (
				50B7935A27C96B9700C38F42 /* LaunchScreen.storyboard in Resources */,
				50B7935727C96B9700C38F42 /* Assets.xcassets in Resources */,
			);
			runOnlyForDeploymentPostprocessing = 0;
		};
/* End PBXResourcesBuildPhase section */

/* Begin PBXSourcesBuildPhase section */
		50B7934627C96B9500C38F42 /* Sources */ = {
			isa = PBXSourcesBuildPhase;
			buildActionMask = 2147483647;
			files = (
				50B7938827C96FA000C38F42 /* NetworkManager.swift in Sources */,
				50B7938E27CB9CD300C38F42 /* PeoductsListViewModel.swift in Sources */,
				50B7938727C96FA000C38F42 /* ApiURL.swift in Sources */,
				50B7938A27C9722700C38F42 /* ProductsService.swift in Sources */,
				50FDBA9927CBACDA00DFD554 /* CashSectionComponent.swift in Sources */,
				50B7935227C96B9500C38F42 /* ProductsListViewController.swift in Sources */,
				50B7934E27C96B9500C38F42 /* AppDelegate.swift in Sources */,
				50B7938C27C972D500C38F42 /* Products.swift in Sources */,
				50B7938627C96FA000C38F42 /* DGErrors.swift in Sources */,
				50B7935027C96B9500C38F42 /* SceneDelegate.swift in Sources */,
			);
			runOnlyForDeploymentPostprocessing = 0;
		};
/* End PBXSourcesBuildPhase section */

/* Begin PBXVariantGroup section */
		50B7935827C96B9700C38F42 /* LaunchScreen.storyboard */ = {
			isa = PBXVariantGroup;
			children = (
				50B7935927C96B9700C38F42 /* Base */,
			);
			name = LaunchScreen.storyboard;
			sourceTree = "<group>";
		};
/* End PBXVariantGroup section */

/* Begin XCBuildConfiguration section */
		50B7937227C96B9700C38F42 /* Debug */ = {
			isa = XCBuildConfiguration;
			buildSettings = {
				ALWAYS_SEARCH_USER_PATHS = NO;
				CLANG_ANALYZER_NONNULL = YES;
				CLANG_ANALYZER_NUMBER_OBJECT_CONVERSION = YES_AGGRESSIVE;
				CLANG_CXX_LANGUAGE_STANDARD = "gnu++17";
				CLANG_CXX_LIBRARY = "libc++";
				CLANG_ENABLE_MODULES = YES;
				CLANG_ENABLE_OBJC_ARC = YES;
				CLANG_ENABLE_OBJC_WEAK = YES;
				CLANG_WARN_BLOCK_CAPTURE_AUTORELEASING = YES;
				CLANG_WARN_BOOL_CONVERSION = YES;
				CLANG_WARN_COMMA = YES;
				CLANG_WARN_CONSTANT_CONVERSION = YES;
				CLANG_WARN_DEPRECATED_OBJC_IMPLEMENTATIONS = YES;
				CLANG_WARN_DIRECT_OBJC_ISA_USAGE = YES_ERROR;
				CLANG_WARN_DOCUMENTATION_COMMENTS = YES;
				CLANG_WARN_EMPTY_BODY = YES;
				CLANG_WARN_ENUM_CONVERSION = YES;
				CLANG_WARN_INFINITE_RECURSION = YES;
				CLANG_WARN_INT_CONVERSION = YES;
				CLANG_WARN_NON_LITERAL_NULL_CONVERSION = YES;
				CLANG_WARN_OBJC_IMPLICIT_RETAIN_SELF = YES;
				CLANG_WARN_OBJC_LITERAL_CONVERSION = YES;
				CLANG_WARN_OBJC_ROOT_CLASS = YES_ERROR;
				CLANG_WARN_QUOTED_INCLUDE_IN_FRAMEWORK_HEADER = YES;
				CLANG_WARN_RANGE_LOOP_ANALYSIS = YES;
				CLANG_WARN_STRICT_PROTOTYPES = YES;
				CLANG_WARN_SUSPICIOUS_MOVE = YES;
				CLANG_WARN_UNGUARDED_AVAILABILITY = YES_AGGRESSIVE;
				CLANG_WARN_UNREACHABLE_CODE = YES;
				CLANG_WARN__DUPLICATE_METHOD_MATCH = YES;
				COPY_PHASE_STRIP = NO;
				DEBUG_INFORMATION_FORMAT = dwarf;
				ENABLE_STRICT_OBJC_MSGSEND = YES;
				ENABLE_TESTABILITY = YES;
				GCC_C_LANGUAGE_STANDARD = gnu11;
				GCC_DYNAMIC_NO_PIC = NO;
				GCC_NO_COMMON_BLOCKS = YES;
				GCC_OPTIMIZATION_LEVEL = 0;
				GCC_PREPROCESSOR_DEFINITIONS = (
					"DEBUG=1",
					"$(inherited)",
				);
				GCC_WARN_64_TO_32_BIT_CONVERSION = YES;
				GCC_WARN_ABOUT_RETURN_TYPE = YES_ERROR;
				GCC_WARN_UNDECLARED_SELECTOR = YES;
				GCC_WARN_UNINITIALIZED_AUTOS = YES_AGGRESSIVE;
				GCC_WARN_UNUSED_FUNCTION = YES;
				GCC_WARN_UNUSED_VARIABLE = YES;
				IPHONEOS_DEPLOYMENT_TARGET = 15.2;
				MTL_ENABLE_DEBUG_INFO = INCLUDE_SOURCE;
				MTL_FAST_MATH = YES;
				ONLY_ACTIVE_ARCH = YES;
				SDKROOT = iphoneos;
				SWIFT_ACTIVE_COMPILATION_CONDITIONS = DEBUG;
				SWIFT_OPTIMIZATION_LEVEL = "-Onone";
			};
			name = Debug;
		};
		50B7937327C96B9700C38F42 /* Release */ = {
			isa = XCBuildConfiguration;
			buildSettings = {
				ALWAYS_SEARCH_USER_PATHS = NO;
				CLANG_ANALYZER_NONNULL = YES;
				CLANG_ANALYZER_NUMBER_OBJECT_CONVERSION = YES_AGGRESSIVE;
				CLANG_CXX_LANGUAGE_STANDARD = "gnu++17";
				CLANG_CXX_LIBRARY = "libc++";
				CLANG_ENABLE_MODULES = YES;
				CLANG_ENABLE_OBJC_ARC = YES;
				CLANG_ENABLE_OBJC_WEAK = YES;
				CLANG_WARN_BLOCK_CAPTURE_AUTORELEASING = YES;
				CLANG_WARN_BOOL_CONVERSION = YES;
				CLANG_WARN_COMMA = YES;
				CLANG_WARN_CONSTANT_CONVERSION = YES;
				CLANG_WARN_DEPRECATED_OBJC_IMPLEMENTATIONS = YES;
				CLANG_WARN_DIRECT_OBJC_ISA_USAGE = YES_ERROR;
				CLANG_WARN_DOCUMENTATION_COMMENTS = YES;
				CLANG_WARN_EMPTY_BODY = YES;
				CLANG_WARN_ENUM_CONVERSION = YES;
				CLANG_WARN_INFINITE_RECURSION = YES;
				CLANG_WARN_INT_CONVERSION = YES;
				CLANG_WARN_NON_LITERAL_NULL_CONVERSION = YES;
				CLANG_WARN_OBJC_IMPLICIT_RETAIN_SELF = YES;
				CLANG_WARN_OBJC_LITERAL_CONVERSION = YES;
				CLANG_WARN_OBJC_ROOT_CLASS = YES_ERROR;
				CLANG_WARN_QUOTED_INCLUDE_IN_FRAMEWORK_HEADER = YES;
				CLANG_WARN_RANGE_LOOP_ANALYSIS = YES;
				CLANG_WARN_STRICT_PROTOTYPES = YES;
				CLANG_WARN_SUSPICIOUS_MOVE = YES;
				CLANG_WARN_UNGUARDED_AVAILABILITY = YES_AGGRESSIVE;
				CLANG_WARN_UNREACHABLE_CODE = YES;
				CLANG_WARN__DUPLICATE_METHOD_MATCH = YES;
				COPY_PHASE_STRIP = NO;
				DEBUG_INFORMATION_FORMAT = "dwarf-with-dsym";
				ENABLE_NS_ASSERTIONS = NO;
				ENABLE_STRICT_OBJC_MSGSEND = YES;
				GCC_C_LANGUAGE_STANDARD = gnu11;
				GCC_NO_COMMON_BLOCKS = YES;
				GCC_WARN_64_TO_32_BIT_CONVERSION = YES;
				GCC_WARN_ABOUT_RETURN_TYPE = YES_ERROR;
				GCC_WARN_UNDECLARED_SELECTOR = YES;
				GCC_WARN_UNINITIALIZED_AUTOS = YES_AGGRESSIVE;
				GCC_WARN_UNUSED_FUNCTION = YES;
				GCC_WARN_UNUSED_VARIABLE = YES;
				IPHONEOS_DEPLOYMENT_TARGET = 15.2;
				MTL_ENABLE_DEBUG_INFO = NO;
				MTL_FAST_MATH = YES;
				SDKROOT = iphoneos;
				SWIFT_COMPILATION_MODE = wholemodule;
				SWIFT_OPTIMIZATION_LEVEL = "-O";
				VALIDATE_PRODUCT = YES;
			};
			name = Release;
		};
		50B7937527C96B9700C38F42 /* Debug */ = {
			isa = XCBuildConfiguration;
			buildSettings = {
				ASSETCATALOG_COMPILER_APPICON_NAME = AppIcon;
				ASSETCATALOG_COMPILER_GLOBAL_ACCENT_COLOR_NAME = AccentColor;
				CODE_SIGN_STYLE = Automatic;
				CURRENT_PROJECT_VERSION = 1;
				DEVELOPMENT_TEAM = TK5Y26D53T;
				GENERATE_INFOPLIST_FILE = YES;
				INFOPLIST_FILE = DesafioDigio/Info.plist;
				INFOPLIST_KEY_UIApplicationSupportsIndirectInputEvents = YES;
				INFOPLIST_KEY_UILaunchStoryboardName = LaunchScreen;
				INFOPLIST_KEY_UISupportedInterfaceOrientations = UIInterfaceOrientationPortrait;
				INFOPLIST_KEY_UISupportedInterfaceOrientations_iPad = "UIInterfaceOrientationPortrait UIInterfaceOrientationPortraitUpsideDown UIInterfaceOrientationLandscapeLeft UIInterfaceOrientationLandscapeRight";
				INFOPLIST_KEY_UISupportedInterfaceOrientations_iPhone = "UIInterfaceOrientationPortrait UIInterfaceOrientationLandscapeLeft UIInterfaceOrientationLandscapeRight";
				LD_RUNPATH_SEARCH_PATHS = (
					"$(inherited)",
					"@executable_path/Frameworks",
				);
				MARKETING_VERSION = 1.0;
				PRODUCT_BUNDLE_IDENTIFIER = EvertonCarneiro.DesafioDigio;
				PRODUCT_NAME = "$(TARGET_NAME)";
				SWIFT_EMIT_LOC_STRINGS = YES;
				SWIFT_VERSION = 5.0;
				TARGETED_DEVICE_FAMILY = 1;
			};
			name = Debug;
		};
		50B7937627C96B9700C38F42 /* Release */ = {
			isa = XCBuildConfiguration;
			buildSettings = {
				ASSETCATALOG_COMPILER_APPICON_NAME = AppIcon;
				ASSETCATALOG_COMPILER_GLOBAL_ACCENT_COLOR_NAME = AccentColor;
				CODE_SIGN_STYLE = Automatic;
				CURRENT_PROJECT_VERSION = 1;
				DEVELOPMENT_TEAM = TK5Y26D53T;
				GENERATE_INFOPLIST_FILE = YES;
				INFOPLIST_FILE = DesafioDigio/Info.plist;
				INFOPLIST_KEY_UIApplicationSupportsIndirectInputEvents = YES;
				INFOPLIST_KEY_UILaunchStoryboardName = LaunchScreen;
				INFOPLIST_KEY_UISupportedInterfaceOrientations = UIInterfaceOrientationPortrait;
				INFOPLIST_KEY_UISupportedInterfaceOrientations_iPad = "UIInterfaceOrientationPortrait UIInterfaceOrientationPortraitUpsideDown UIInterfaceOrientationLandscapeLeft UIInterfaceOrientationLandscapeRight";
				INFOPLIST_KEY_UISupportedInterfaceOrientations_iPhone = "UIInterfaceOrientationPortrait UIInterfaceOrientationLandscapeLeft UIInterfaceOrientationLandscapeRight";
				LD_RUNPATH_SEARCH_PATHS = (
					"$(inherited)",
					"@executable_path/Frameworks",
				);
				MARKETING_VERSION = 1.0;
				PRODUCT_BUNDLE_IDENTIFIER = EvertonCarneiro.DesafioDigio;
				PRODUCT_NAME = "$(TARGET_NAME)";
				SWIFT_EMIT_LOC_STRINGS = YES;
				SWIFT_VERSION = 5.0;
				TARGETED_DEVICE_FAMILY = 1;
			};
			name = Release;
		};
/* End XCBuildConfiguration section */

/* Begin XCConfigurationList section */
		50B7934527C96B9500C38F42 /* Build configuration list for PBXProject "DesafioDigio" */ = {
			isa = XCConfigurationList;
			buildConfigurations = (
				50B7937227C96B9700C38F42 /* Debug */,
				50B7937327C96B9700C38F42 /* Release */,
			);
			defaultConfigurationIsVisible = 0;
			defaultConfigurationName = Release;
		};
		50B7937427C96B9700C38F42 /* Build configuration list for PBXNativeTarget "DesafioDigio" */ = {
			isa = XCConfigurationList;
			buildConfigurations = (
				50B7937527C96B9700C38F42 /* Debug */,
				50B7937627C96B9700C38F42 /* Release */,
			);
			defaultConfigurationIsVisible = 0;
			defaultConfigurationName = Release;
		};
/* End XCConfigurationList section */
	};
	rootObject = 50B7934227C96B9500C38F42 /* Project object */;
}
